
Microsoft Visual Studio Solution File, Format Version 12.00
# Visual Studio 15
VisualStudioVersion = 15.0.27428.2043
MinimumVisualStudioVersion = 10.0.40219.1
Project("{FAE04EC0-301F-11D3-BF4B-00C04F79EFBC}") = "RealEstateCRMConsumer", "RealEstateCRMConsumer\RealEstateCRMConsumer.csproj", "{C2579A67-C1CA-47D5-BFAE-D4604ABAD8BE}"
EndProject
Global
	GlobalSection(SolutionConfigurationPlatforms) = preSolution
		Debug|Any CPU = Debug|Any CPU
		Release|Any CPU = Release|Any CPU
	EndGlobalSection
	GlobalSection(ProjectConfigurationPlatforms) = postSolution
		{C2579A67-C1CA-47D5-BFAE-D4604ABAD8BE}.Debug|Any CPU.ActiveCfg = Debug|Any CPU
		{C2579A67-C1CA-47D5-BFAE-D4604ABAD8BE}.Debug|Any CPU.Build.0 = Debug|Any CPU
		{C2579A67-C1CA-47D5-BFAE-D4604ABAD8BE}.Release|Any CPU.ActiveCfg = Release|Any CPU
		{C2579A67-C1CA-47D5-BFAE-D4604ABAD8BE}.Release|Any CPU.Build.0 = Release|Any CPU
	EndGlobalSection
	GlobalSection(SolutionProperties) = preSolution
		HideSolutionNode = FALSE
	EndGlobalSection
	GlobalSection(ExtensibilityGlobals) = postSolution
		SolutionGuid = {69ACD060-9837-4DEC-8837-2C8DBA653874}
	EndGlobalSection
EndGlobal
