
Microsoft Visual Studio Solution File, Format Version 12.00
# Visual Studio 15
VisualStudioVersion = 15.0.27428.2043
MinimumVisualStudioVersion = 10.0.40219.1
Project("{FAE04EC0-301F-11D3-BF4B-00C04F79EFBC}") = "RealEstateCRM", "RealEstateCRM\RealEstateCRM.csproj", "{774DB813-A41C-4121-8995-A1E7E522A8BB}"
EndProject
Project("{FAE04EC0-301F-11D3-BF4B-00C04F79EFBC}") = "RealEstateCRM.DataAccessLayer", "RealEstateCRM.DataAccessLayer\RealEstateCRM.DataAccessLayer.csproj", "{B235C579-33EB-42F1-AD45-5E13EBF49F6F}"
EndProject
Project("{FAE04EC0-301F-11D3-BF4B-00C04F79EFBC}") = "RealEstateCRM.Web", "RealEstateCRM.Web\RealEstateCRM.Web.csproj", "{4425753B-6638-49CF-8490-F8A396A33AE9}"
EndProject
Global
	GlobalSection(SolutionConfigurationPlatforms) = preSolution
		Debug|Any CPU = Debug|Any CPU
		Release|Any CPU = Release|Any CPU
	EndGlobalSection
	GlobalSection(ProjectConfigurationPlatforms) = postSolution
		{774DB813-A41C-4121-8995-A1E7E522A8BB}.Debug|Any CPU.ActiveCfg = Debug|Any CPU
		{774DB813-A41C-4121-8995-A1E7E522A8BB}.Debug|Any CPU.Build.0 = Debug|Any CPU
		{774DB813-A41C-4121-8995-A1E7E522A8BB}.Release|Any CPU.ActiveCfg = Release|Any CPU
		{774DB813-A41C-4121-8995-A1E7E522A8BB}.Release|Any CPU.Build.0 = Release|Any CPU
		{B235C579-33EB-42F1-AD45-5E13EBF49F6F}.Debug|Any CPU.ActiveCfg = Debug|Any CPU
		{B235C579-33EB-42F1-AD45-5E13EBF49F6F}.Debug|Any CPU.Build.0 = Debug|Any CPU
		{B235C579-33EB-42F1-AD45-5E13EBF49F6F}.Release|Any CPU.ActiveCfg = Release|Any CPU
		{B235C579-33EB-42F1-AD45-5E13EBF49F6F}.Release|Any CPU.Build.0 = Release|Any CPU
		{4425753B-6638-49CF-8490-F8A396A33AE9}.Debug|Any CPU.ActiveCfg = Debug|Any CPU
		{4425753B-6638-49CF-8490-F8A396A33AE9}.Debug|Any CPU.Build.0 = Debug|Any CPU
		{4425753B-6638-49CF-8490-F8A396A33AE9}.Release|Any CPU.ActiveCfg = Release|Any CPU
		{4425753B-6638-49CF-8490-F8A396A33AE9}.Release|Any CPU.Build.0 = Release|Any CPU
	EndGlobalSection
	GlobalSection(SolutionProperties) = preSolution
		HideSolutionNode = FALSE
	EndGlobalSection
	GlobalSection(ExtensibilityGlobals) = postSolution
		SolutionGuid = {6A66216B-C111-42AB-8565-994241928EE0}
	EndGlobalSection
EndGlobal
